
Microsoft Visual Studio Solution File, Format Version 12.00
# Visual Studio Version 17
VisualStudioVersion = 17.8.34511.84
MinimumVisualStudioVersion = 10.0.40219.1
Project("{8BC9CEB8-8B4A-11D0-8D11-00A0C91BC942}") = "Binary_found", "Binary_found.vcxproj", "{6AC3C2DA-315B-4F7D-88CE-CD4AC00BF399}"
EndProject
Project("{8BC9CEB8-8B4A-11D0-8D11-00A0C91BC942}") = "untitled2", "..\..\..\..\..\..\Qt\2022-2023\Try\Hello, Qt\untitled2\untitled2.vcxproj", "{5FAD6E32-21B6-32A5-B2C4-F856751C05B1}"
EndProject
Global
	GlobalSection(SolutionConfigurationPlatforms) = preSolution
		Debug|x64 = Debug|x64
		Debug|x86 = Debug|x86
		Release|x64 = Release|x64
		Release|x86 = Release|x86
	EndGlobalSection
	GlobalSection(ProjectConfigurationPlatforms) = postSolution
		{6AC3C2DA-315B-4F7D-88CE-CD4AC00BF399}.Debug|x64.ActiveCfg = Debug|x64
		{6AC3C2DA-315B-4F7D-88CE-CD4AC00BF399}.Debug|x64.Build.0 = Debug|x64
		{6AC3C2DA-315B-4F7D-88CE-CD4AC00BF399}.Debug|x86.ActiveCfg = Debug|Win32
		{6AC3C2DA-315B-4F7D-88CE-CD4AC00BF399}.Debug|x86.Build.0 = Debug|Win32
		{6AC3C2DA-315B-4F7D-88CE-CD4AC00BF399}.Release|x64.ActiveCfg = Release|x64
		{6AC3C2DA-315B-4F7D-88CE-CD4AC00BF399}.Release|x64.Build.0 = Release|x64
		{6AC3C2DA-315B-4F7D-88CE-CD4AC00BF399}.Release|x86.ActiveCfg = Release|Win32
		{6AC3C2DA-315B-4F7D-88CE-CD4AC00BF399}.Release|x86.Build.0 = Release|Win32
		{5FAD6E32-21B6-32A5-B2C4-F856751C05B1}.Debug|x64.ActiveCfg = Debug|x64
		{5FAD6E32-21B6-32A5-B2C4-F856751C05B1}.Debug|x64.Build.0 = Debug|x64
		{5FAD6E32-21B6-32A5-B2C4-F856751C05B1}.Debug|x86.ActiveCfg = Debug|x64
		{5FAD6E32-21B6-32A5-B2C4-F856751C05B1}.Debug|x86.Build.0 = Debug|x64
		{5FAD6E32-21B6-32A5-B2C4-F856751C05B1}.Release|x64.ActiveCfg = Release|x64
		{5FAD6E32-21B6-32A5-B2C4-F856751C05B1}.Release|x64.Build.0 = Release|x64
		{5FAD6E32-21B6-32A5-B2C4-F856751C05B1}.Release|x86.ActiveCfg = Release|x64
		{5FAD6E32-21B6-32A5-B2C4-F856751C05B1}.Release|x86.Build.0 = Release|x64
	EndGlobalSection
	GlobalSection(SolutionProperties) = preSolution
		HideSolutionNode = FALSE
	EndGlobalSection
	GlobalSection(ExtensibilityGlobals) = postSolution
		SolutionGuid = {6AAF0D14-AF49-469E-89E1-059C00300B53}
	EndGlobalSection
EndGlobal
